{
  "originHash" : "9676d8e9971a750cd7d10d46798261e1b656858391b168f8fa593eead2dae0ce",
  "pins" : [
    {
      "identity" : "swift-syntax",
      "kind" : "remoteSourceControl",
      "location" : "https://github.com/apple/swift-syntax.git",
      "state" : {
        "branch" : "main",
        "revision" : "050f057fdbc74318b56804c25c7c516d8ff82a6d"
      }
    }
  ],
  "version" : 3
}
