{
  "originHash" : "03dce682441aaa5ef5337aeafd5f8aa2fe9b47ce15eb7c42f966f66f0cbf17e1",
  "pins" : [
    {
      "identity" : "swift-syntax",
      "kind" : "remoteSourceControl",
      "location" : "https://github.com/apple/swift-syntax.git",
      "state" : {
        "revision" : "82a453c2dfa335c7e778695762438dfe72b328d2",
        "version" : "600.0.0-prerelease-2024-07-24"
      }
    }
  ],
  "version" : 3
}
