{
  "pins" : [
    {
      "identity" : "chronometer",
      "kind" : "remoteSourceControl",
      "location" : "https://github.com/KittyMac/Chronometer.git",
      "state" : {
        "revision" : "12ac87fa5d945169e32818bda82fa53d8220c256",
        "version" : "0.1.10"
      }
    },
    {
      "identity" : "hitch",
      "kind" : "remoteSourceControl",
      "location" : "https://github.com/KittyMac/Hitch.git",
      "state" : {
        "revision" : "0698c164bd972c15e64f517dba63716b7217087b",
        "version" : "0.4.115"
      }
    },
    {
      "identity" : "sextant",
      "kind" : "remoteSourceControl",
      "location" : "https://github.com/KittyMac/Sextant.git",
      "state" : {
        "branch" : "main",
        "revision" : "e59c57e4fa19a02f336cd91b9f6cd8e4022e5ed0"
      }
    },
    {
      "identity" : "spanker",
      "kind" : "remoteSourceControl",
      "location" : "https://github.com/KittyMac/Spanker.git",
      "state" : {
        "revision" : "6b0edd2996d1f3bebb534fb05e20eac6bf8c8739",
        "version" : "0.2.46"
      }
    },
    {
      "identity" : "swiftpath",
      "kind" : "remoteSourceControl",
      "location" : "https://github.com/g-mark/SwiftPath.git",
      "state" : {
        "revision" : "17788c05603bd0e405c6571227d470aae09d7562",
        "version" : "0.4.0"
      }
    }
  ],
  "version" : 2
}
