// !$*UTF8*$!
{
	archiveVersion = 1;
	classes = {
	};
	objectVersion = 55;
	objects = {

/* Begin PBXBuildFile section */
		0914696C29B2256B0064DA04 /* docs in Resources */ = {isa = PBXBuildFile; fileRef = 0914696B29B2256B0064DA04 /* docs */; };
		095114D8294CAA9600C65AA7 /* SwiftRuleEngine.framework in Frameworks */ = {isa = PBXBuildFile; fileRef = 095114CD294CAA9600C65AA7 /* SwiftRuleEngine.framework */; };
		095114E82953BA5D00C65AA7 /* RuleEngine.swift in Sources */ = {isa = PBXBuildFile; fileRef = 095114E72953BA5D00C65AA7 /* RuleEngine.swift */; };
		095114EA2953BB3B00C65AA7 /* Operator.swift in Sources */ = {isa = PBXBuildFile; fileRef = 095114E92953BB3B00C65AA7 /* Operator.swift */; };
		095114ED2953BD4A00C65AA7 /* Condition.swift in Sources */ = {isa = PBXBuildFile; fileRef = 095114EC2953BD4A00C65AA7 /* Condition.swift */; };
		095114EF2953BE2400C65AA7 /* Rule.swift in Sources */ = {isa = PBXBuildFile; fileRef = 095114EE2953BE2400C65AA7 /* Rule.swift */; };
		095114F32953F77500C65AA7 /* AnyCodable.swift in Sources */ = {isa = PBXBuildFile; fileRef = 095114F22953F77500C65AA7 /* AnyCodable.swift */; };
		096D386929B182A6006008DF /* Regex.swift in Sources */ = {isa = PBXBuildFile; fileRef = 096D386829B182A6006008DF /* Regex.swift */; };
		096D386B29B182D0006008DF /* RegexOperatorTests.swift in Sources */ = {isa = PBXBuildFile; fileRef = 096D386A29B182D0006008DF /* RegexOperatorTests.swift */; };
		09ADCD2729A3CC2E00D6F26E /* PathParser.swift in Sources */ = {isa = PBXBuildFile; fileRef = 09ADCD2629A3CC2E00D6F26E /* PathParser.swift */; };
		09ADCD2B29A44CC500D6F26E /* README.md in Resources */ = {isa = PBXBuildFile; fileRef = 09ADCD2A29A44CC500D6F26E /* README.md */; };
		09ADCD2E29A5551100D6F26E /* Equal.swift in Sources */ = {isa = PBXBuildFile; fileRef = 09ADCD2D29A5551100D6F26E /* Equal.swift */; };
		09ADCD3029A5601000D6F26E /* NotEqual.swift in Sources */ = {isa = PBXBuildFile; fileRef = 09ADCD2F29A5601000D6F26E /* NotEqual.swift */; };
		09ADCD3229A5A50B00D6F26E /* LessThan.swift in Sources */ = {isa = PBXBuildFile; fileRef = 09ADCD3129A5A50A00D6F26E /* LessThan.swift */; };
		09ADCD3429A5A52500D6F26E /* LessThanInclusive.swift in Sources */ = {isa = PBXBuildFile; fileRef = 09ADCD3329A5A52500D6F26E /* LessThanInclusive.swift */; };
		09ADCD3629A5A54000D6F26E /* GreaterThan.swift in Sources */ = {isa = PBXBuildFile; fileRef = 09ADCD3529A5A54000D6F26E /* GreaterThan.swift */; };
		09ADCD3829A5A55E00D6F26E /* GreaterThanInclusive.swift in Sources */ = {isa = PBXBuildFile; fileRef = 09ADCD3729A5A55E00D6F26E /* GreaterThanInclusive.swift */; };
		09ADCD3A29A5A58200D6F26E /* In.swift in Sources */ = {isa = PBXBuildFile; fileRef = 09ADCD3929A5A58200D6F26E /* In.swift */; };
		09ADCD3C29A5A59900D6F26E /* NotIn.swift in Sources */ = {isa = PBXBuildFile; fileRef = 09ADCD3B29A5A59900D6F26E /* NotIn.swift */; };
		09ADCD3E29A5A5A900D6F26E /* Contains.swift in Sources */ = {isa = PBXBuildFile; fileRef = 09ADCD3D29A5A5A900D6F26E /* Contains.swift */; };
		09ADCD4029A5A5C700D6F26E /* NotContains.swift in Sources */ = {isa = PBXBuildFile; fileRef = 09ADCD3F29A5A5C700D6F26E /* NotContains.swift */; };
		09ADCD4629A65C8400D6F26E /* EqualOperatorTests.swift in Sources */ = {isa = PBXBuildFile; fileRef = 09ADCD4529A65C8400D6F26E /* EqualOperatorTests.swift */; };
		09ADCD4829A6633000D6F26E /* RuleEngineTests.swift in Sources */ = {isa = PBXBuildFile; fileRef = 09ADCD4729A6633000D6F26E /* RuleEngineTests.swift */; };
		09ADCD4B29A66CC400D6F26E /* NotEqualOperatorTests.swift in Sources */ = {isa = PBXBuildFile; fileRef = 09ADCD4A29A66CC400D6F26E /* NotEqualOperatorTests.swift */; };
		09ADCD4D29A675F500D6F26E /* LessThanOperatorTests.swift in Sources */ = {isa = PBXBuildFile; fileRef = 09ADCD4C29A675F500D6F26E /* LessThanOperatorTests.swift */; };
		09ADCD4F29A6762300D6F26E /* LessThanInclusiveOperatorTests.swift in Sources */ = {isa = PBXBuildFile; fileRef = 09ADCD4E29A6762300D6F26E /* LessThanInclusiveOperatorTests.swift */; };
		09ADCD5129A6995900D6F26E /* GreaterThanOperatorTests.swift in Sources */ = {isa = PBXBuildFile; fileRef = 09ADCD5029A6995900D6F26E /* GreaterThanOperatorTests.swift */; };
		09ADCD5329A69A8A00D6F26E /* GreaterThanInclusiveOperatorTests.swift in Sources */ = {isa = PBXBuildFile; fileRef = 09ADCD5229A69A8A00D6F26E /* GreaterThanInclusiveOperatorTests.swift */; };
		09ADCD5529A69C0A00D6F26E /* InOperatorTests.swift in Sources */ = {isa = PBXBuildFile; fileRef = 09ADCD5429A69C0A00D6F26E /* InOperatorTests.swift */; };
		09ADCD5729A69FBB00D6F26E /* NotInOperatorTests.swift in Sources */ = {isa = PBXBuildFile; fileRef = 09ADCD5629A69FBB00D6F26E /* NotInOperatorTests.swift */; };
		09ADCD5929A6A28400D6F26E /* ContainsOperatorTests.swift in Sources */ = {isa = PBXBuildFile; fileRef = 09ADCD5829A6A28400D6F26E /* ContainsOperatorTests.swift */; };
		09ADCD5B29A6A29400D6F26E /* NotContainsOperatorTests.swift in Sources */ = {isa = PBXBuildFile; fileRef = 09ADCD5A29A6A29400D6F26E /* NotContainsOperatorTests.swift */; };
/* End PBXBuildFile section */

/* Begin PBXContainerItemProxy section */
		095114D9294CAA9600C65AA7 /* PBXContainerItemProxy */ = {
			isa = PBXContainerItemProxy;
			containerPortal = 095114C4294CAA9600C65AA7 /* Project object */;
			proxyType = 1;
			remoteGlobalIDString = 095114CC294CAA9600C65AA7;
			remoteInfo = SwiftRuleEngine;
		};
/* End PBXContainerItemProxy section */

/* Begin PBXFileReference section */
		0914696B29B2256B0064DA04 /* docs */ = {isa = PBXFileReference; lastKnownFileType = folder; path = docs; sourceTree = "<group>"; };
		095114CD294CAA9600C65AA7 /* SwiftRuleEngine.framework */ = {isa = PBXFileReference; explicitFileType = wrapper.framework; includeInIndex = 0; path = SwiftRuleEngine.framework; sourceTree = BUILT_PRODUCTS_DIR; };
		095114D7294CAA9600C65AA7 /* SwiftRuleEngineTests.xctest */ = {isa = PBXFileReference; explicitFileType = wrapper.cfbundle; includeInIndex = 0; path = SwiftRuleEngineTests.xctest; sourceTree = BUILT_PRODUCTS_DIR; };
		095114E72953BA5D00C65AA7 /* RuleEngine.swift */ = {isa = PBXFileReference; lastKnownFileType = sourcecode.swift; path = RuleEngine.swift; sourceTree = "<group>"; };
		095114E92953BB3B00C65AA7 /* Operator.swift */ = {isa = PBXFileReference; lastKnownFileType = sourcecode.swift; path = Operator.swift; sourceTree = "<group>"; };
		095114EC2953BD4A00C65AA7 /* Condition.swift */ = {isa = PBXFileReference; lastKnownFileType = sourcecode.swift; path = Condition.swift; sourceTree = "<group>"; };
		095114EE2953BE2400C65AA7 /* Rule.swift */ = {isa = PBXFileReference; lastKnownFileType = sourcecode.swift; path = Rule.swift; sourceTree = "<group>"; };
		095114F22953F77500C65AA7 /* AnyCodable.swift */ = {isa = PBXFileReference; lastKnownFileType = sourcecode.swift; path = AnyCodable.swift; sourceTree = "<group>"; };
		096D386829B182A6006008DF /* Regex.swift */ = {isa = PBXFileReference; lastKnownFileType = sourcecode.swift; path = Regex.swift; sourceTree = "<group>"; };
		096D386A29B182D0006008DF /* RegexOperatorTests.swift */ = {isa = PBXFileReference; lastKnownFileType = sourcecode.swift; path = RegexOperatorTests.swift; sourceTree = "<group>"; };
		09ADCD2629A3CC2E00D6F26E /* PathParser.swift */ = {isa = PBXFileReference; lastKnownFileType = sourcecode.swift; path = PathParser.swift; sourceTree = "<group>"; };
		09ADCD2A29A44CC500D6F26E /* README.md */ = {isa = PBXFileReference; fileEncoding = 4; lastKnownFileType = net.daringfireball.markdown; path = README.md; sourceTree = "<group>"; };
		09ADCD2D29A5551100D6F26E /* Equal.swift */ = {isa = PBXFileReference; lastKnownFileType = sourcecode.swift; path = Equal.swift; sourceTree = "<group>"; };
		09ADCD2F29A5601000D6F26E /* NotEqual.swift */ = {isa = PBXFileReference; lastKnownFileType = sourcecode.swift; path = NotEqual.swift; sourceTree = "<group>"; };
		09ADCD3129A5A50A00D6F26E /* LessThan.swift */ = {isa = PBXFileReference; lastKnownFileType = sourcecode.swift; path = LessThan.swift; sourceTree = "<group>"; };
		09ADCD3329A5A52500D6F26E /* LessThanInclusive.swift */ = {isa = PBXFileReference; lastKnownFileType = sourcecode.swift; path = LessThanInclusive.swift; sourceTree = "<group>"; };
		09ADCD3529A5A54000D6F26E /* GreaterThan.swift */ = {isa = PBXFileReference; lastKnownFileType = sourcecode.swift; path = GreaterThan.swift; sourceTree = "<group>"; };
		09ADCD3729A5A55E00D6F26E /* GreaterThanInclusive.swift */ = {isa = PBXFileReference; lastKnownFileType = sourcecode.swift; path = GreaterThanInclusive.swift; sourceTree = "<group>"; };
		09ADCD3929A5A58200D6F26E /* In.swift */ = {isa = PBXFileReference; lastKnownFileType = sourcecode.swift; path = In.swift; sourceTree = "<group>"; };
		09ADCD3B29A5A59900D6F26E /* NotIn.swift */ = {isa = PBXFileReference; lastKnownFileType = sourcecode.swift; path = NotIn.swift; sourceTree = "<group>"; };
		09ADCD3D29A5A5A900D6F26E /* Contains.swift */ = {isa = PBXFileReference; lastKnownFileType = sourcecode.swift; path = Contains.swift; sourceTree = "<group>"; };
		09ADCD3F29A5A5C700D6F26E /* NotContains.swift */ = {isa = PBXFileReference; lastKnownFileType = sourcecode.swift; path = NotContains.swift; sourceTree = "<group>"; };
		09ADCD4529A65C8400D6F26E /* EqualOperatorTests.swift */ = {isa = PBXFileReference; lastKnownFileType = sourcecode.swift; path = EqualOperatorTests.swift; sourceTree = "<group>"; };
		09ADCD4729A6633000D6F26E /* RuleEngineTests.swift */ = {isa = PBXFileReference; lastKnownFileType = sourcecode.swift; path = RuleEngineTests.swift; sourceTree = "<group>"; };
		09ADCD4A29A66CC400D6F26E /* NotEqualOperatorTests.swift */ = {isa = PBXFileReference; lastKnownFileType = sourcecode.swift; path = NotEqualOperatorTests.swift; sourceTree = "<group>"; };
		09ADCD4C29A675F500D6F26E /* LessThanOperatorTests.swift */ = {isa = PBXFileReference; lastKnownFileType = sourcecode.swift; path = LessThanOperatorTests.swift; sourceTree = "<group>"; };
		09ADCD4E29A6762300D6F26E /* LessThanInclusiveOperatorTests.swift */ = {isa = PBXFileReference; lastKnownFileType = sourcecode.swift; path = LessThanInclusiveOperatorTests.swift; sourceTree = "<group>"; };
		09ADCD5029A6995900D6F26E /* GreaterThanOperatorTests.swift */ = {isa = PBXFileReference; lastKnownFileType = sourcecode.swift; path = GreaterThanOperatorTests.swift; sourceTree = "<group>"; };
		09ADCD5229A69A8A00D6F26E /* GreaterThanInclusiveOperatorTests.swift */ = {isa = PBXFileReference; lastKnownFileType = sourcecode.swift; path = GreaterThanInclusiveOperatorTests.swift; sourceTree = "<group>"; };
		09ADCD5429A69C0A00D6F26E /* InOperatorTests.swift */ = {isa = PBXFileReference; lastKnownFileType = sourcecode.swift; path = InOperatorTests.swift; sourceTree = "<group>"; };
		09ADCD5629A69FBB00D6F26E /* NotInOperatorTests.swift */ = {isa = PBXFileReference; lastKnownFileType = sourcecode.swift; path = NotInOperatorTests.swift; sourceTree = "<group>"; };
		09ADCD5829A6A28400D6F26E /* ContainsOperatorTests.swift */ = {isa = PBXFileReference; lastKnownFileType = sourcecode.swift; path = ContainsOperatorTests.swift; sourceTree = "<group>"; };
		09ADCD5A29A6A29400D6F26E /* NotContainsOperatorTests.swift */ = {isa = PBXFileReference; lastKnownFileType = sourcecode.swift; path = NotContainsOperatorTests.swift; sourceTree = "<group>"; };
/* End PBXFileReference section */

/* Begin PBXFrameworksBuildPhase section */
		095114CA294CAA9600C65AA7 /* Frameworks */ = {
			isa = PBXFrameworksBuildPhase;
			buildActionMask = 2147483647;
			files = (
			);
			runOnlyForDeploymentPostprocessing = 0;
		};
		095114D4294CAA9600C65AA7 /* Frameworks */ = {
			isa = PBXFrameworksBuildPhase;
			buildActionMask = 2147483647;
			files = (
				095114D8294CAA9600C65AA7 /* SwiftRuleEngine.framework in Frameworks */,
			);
			runOnlyForDeploymentPostprocessing = 0;
		};
/* End PBXFrameworksBuildPhase section */

/* Begin PBXGroup section */
		095114C3294CAA9600C65AA7 = {
			isa = PBXGroup;
			children = (
				0914696B29B2256B0064DA04 /* docs */,
				09ADCD2A29A44CC500D6F26E /* README.md */,
				095114CF294CAA9600C65AA7 /* Source */,
				095114DB294CAA9600C65AA7 /* Tests */,
				095114CE294CAA9600C65AA7 /* Products */,
			);
			sourceTree = "<group>";
		};
		095114CE294CAA9600C65AA7 /* Products */ = {
			isa = PBXGroup;
			children = (
				095114CD294CAA9600C65AA7 /* SwiftRuleEngine.framework */,
				095114D7294CAA9600C65AA7 /* SwiftRuleEngineTests.xctest */,
			);
			name = Products;
			sourceTree = "<group>";
		};
		095114CF294CAA9600C65AA7 /* Source */ = {
			isa = PBXGroup;
			children = (
				09ADCD2C29A5550000D6F26E /* Operators */,
				095114E72953BA5D00C65AA7 /* RuleEngine.swift */,
				095114EC2953BD4A00C65AA7 /* Condition.swift */,
				095114EE2953BE2400C65AA7 /* Rule.swift */,
				095114F22953F77500C65AA7 /* AnyCodable.swift */,
				09ADCD2629A3CC2E00D6F26E /* PathParser.swift */,
			);
			path = Source;
			sourceTree = "<group>";
		};
		095114DB294CAA9600C65AA7 /* Tests */ = {
			isa = PBXGroup;
			children = (
				09ADCD4929A6650E00D6F26E /* OperatorTests */,
				09ADCD4729A6633000D6F26E /* RuleEngineTests.swift */,
			);
			path = Tests;
			sourceTree = "<group>";
		};
		09ADCD2C29A5550000D6F26E /* Operators */ = {
			isa = PBXGroup;
			children = (
				095114E92953BB3B00C65AA7 /* Operator.swift */,
				09ADCD2D29A5551100D6F26E /* Equal.swift */,
				09ADCD2F29A5601000D6F26E /* NotEqual.swift */,
				09ADCD3129A5A50A00D6F26E /* LessThan.swift */,
				09ADCD3329A5A52500D6F26E /* LessThanInclusive.swift */,
				09ADCD3529A5A54000D6F26E /* GreaterThan.swift */,
				09ADCD3729A5A55E00D6F26E /* GreaterThanInclusive.swift */,
				09ADCD3929A5A58200D6F26E /* In.swift */,
				09ADCD3B29A5A59900D6F26E /* NotIn.swift */,
				09ADCD3D29A5A5A900D6F26E /* Contains.swift */,
				09ADCD3F29A5A5C700D6F26E /* NotContains.swift */,
				096D386829B182A6006008DF /* Regex.swift */,
			);
			path = Operators;
			sourceTree = "<group>";
		};
		09ADCD4929A6650E00D6F26E /* OperatorTests */ = {
			isa = PBXGroup;
			children = (
				09ADCD4529A65C8400D6F26E /* EqualOperatorTests.swift */,
				09ADCD4A29A66CC400D6F26E /* NotEqualOperatorTests.swift */,
				09ADCD4C29A675F500D6F26E /* LessThanOperatorTests.swift */,
				09ADCD4E29A6762300D6F26E /* LessThanInclusiveOperatorTests.swift */,
				09ADCD5029A6995900D6F26E /* GreaterThanOperatorTests.swift */,
				09ADCD5229A69A8A00D6F26E /* GreaterThanInclusiveOperatorTests.swift */,
				09ADCD5429A69C0A00D6F26E /* InOperatorTests.swift */,
				09ADCD5629A69FBB00D6F26E /* NotInOperatorTests.swift */,
				09ADCD5829A6A28400D6F26E /* ContainsOperatorTests.swift */,
				09ADCD5A29A6A29400D6F26E /* NotContainsOperatorTests.swift */,
				096D386A29B182D0006008DF /* RegexOperatorTests.swift */,
			);
			path = OperatorTests;
			sourceTree = "<group>";
		};
/* End PBXGroup section */

/* Begin PBXHeadersBuildPhase section */
		095114C8294CAA9600C65AA7 /* Headers */ = {
			isa = PBXHeadersBuildPhase;
			buildActionMask = 2147483647;
			files = (
			);
			runOnlyForDeploymentPostprocessing = 0;
		};
/* End PBXHeadersBuildPhase section */

/* Begin PBXNativeTarget section */
		095114CC294CAA9600C65AA7 /* SwiftRuleEngine */ = {
			isa = PBXNativeTarget;
			buildConfigurationList = 095114E1294CAA9600C65AA7 /* Build configuration list for PBXNativeTarget "SwiftRuleEngine" */;
			buildPhases = (
				095114C8294CAA9600C65AA7 /* Headers */,
				095114C9294CAA9600C65AA7 /* Sources */,
				095114CA294CAA9600C65AA7 /* Frameworks */,
				095114CB294CAA9600C65AA7 /* Resources */,
			);
			buildRules = (
			);
			dependencies = (
			);
			name = SwiftRuleEngine;
			productName = SwiftRuleEngine;
			productReference = 095114CD294CAA9600C65AA7 /* SwiftRuleEngine.framework */;
			productType = "com.apple.product-type.framework";
		};
		095114D6294CAA9600C65AA7 /* SwiftRuleEngineTests */ = {
			isa = PBXNativeTarget;
			buildConfigurationList = 095114E4294CAA9600C65AA7 /* Build configuration list for PBXNativeTarget "SwiftRuleEngineTests" */;
			buildPhases = (
				095114D3294CAA9600C65AA7 /* Sources */,
				095114D4294CAA9600C65AA7 /* Frameworks */,
				095114D5294CAA9600C65AA7 /* Resources */,
			);
			buildRules = (
			);
			dependencies = (
				095114DA294CAA9600C65AA7 /* PBXTargetDependency */,
			);
			name = SwiftRuleEngineTests;
			productName = SwiftRuleEngineTests;
			productReference = 095114D7294CAA9600C65AA7 /* SwiftRuleEngineTests.xctest */;
			productType = "com.apple.product-type.bundle.unit-test";
		};
/* End PBXNativeTarget section */

/* Begin PBXProject section */
		095114C4294CAA9600C65AA7 /* Project object */ = {
			isa = PBXProject;
			attributes = {
				BuildIndependentTargetsInParallel = 1;
				LastSwiftUpdateCheck = 1340;
				LastUpgradeCheck = 1340;
				TargetAttributes = {
					095114CC294CAA9600C65AA7 = {
						CreatedOnToolsVersion = 13.4.1;
						LastSwiftMigration = 1340;
					};
					095114D6294CAA9600C65AA7 = {
						CreatedOnToolsVersion = 13.4.1;
					};
				};
			};
			buildConfigurationList = 095114C7294CAA9600C65AA7 /* Build configuration list for PBXProject "SwiftRuleEngine" */;
			compatibilityVersion = "Xcode 13.0";
			developmentRegion = en;
			hasScannedForEncodings = 0;
			knownRegions = (
				en,
				Base,
			);
			mainGroup = 095114C3294CAA9600C65AA7;
			productRefGroup = 095114CE294CAA9600C65AA7 /* Products */;
			projectDirPath = "";
			projectRoot = "";
			targets = (
				095114CC294CAA9600C65AA7 /* SwiftRuleEngine */,
				095114D6294CAA9600C65AA7 /* SwiftRuleEngineTests */,
			);
		};
/* End PBXProject section */

/* Begin PBXResourcesBuildPhase section */
		095114CB294CAA9600C65AA7 /* Resources */ = {
			isa = PBXResourcesBuildPhase;
			buildActionMask = 2147483647;
			files = (
				09ADCD2B29A44CC500D6F26E /* README.md in Resources */,
				0914696C29B2256B0064DA04 /* docs in Resources */,
			);
			runOnlyForDeploymentPostprocessing = 0;
		};
		095114D5294CAA9600C65AA7 /* Resources */ = {
			isa = PBXResourcesBuildPhase;
			buildActionMask = 2147483647;
			files = (
			);
			runOnlyForDeploymentPostprocessing = 0;
		};
/* End PBXResourcesBuildPhase section */

/* Begin PBXSourcesBuildPhase section */
		095114C9294CAA9600C65AA7 /* Sources */ = {
			isa = PBXSourcesBuildPhase;
			buildActionMask = 2147483647;
			files = (
				095114E82953BA5D00C65AA7 /* RuleEngine.swift in Sources */,
				095114EF2953BE2400C65AA7 /* Rule.swift in Sources */,
				09ADCD3029A5601000D6F26E /* NotEqual.swift in Sources */,
				095114ED2953BD4A00C65AA7 /* Condition.swift in Sources */,
				09ADCD2E29A5551100D6F26E /* Equal.swift in Sources */,
				09ADCD3A29A5A58200D6F26E /* In.swift in Sources */,
				096D386929B182A6006008DF /* Regex.swift in Sources */,
				095114EA2953BB3B00C65AA7 /* Operator.swift in Sources */,
				095114F32953F77500C65AA7 /* AnyCodable.swift in Sources */,
				09ADCD3229A5A50B00D6F26E /* LessThan.swift in Sources */,
				09ADCD3829A5A55E00D6F26E /* GreaterThanInclusive.swift in Sources */,
				09ADCD3429A5A52500D6F26E /* LessThanInclusive.swift in Sources */,
				09ADCD3E29A5A5A900D6F26E /* Contains.swift in Sources */,
				09ADCD4029A5A5C700D6F26E /* NotContains.swift in Sources */,
				09ADCD2729A3CC2E00D6F26E /* PathParser.swift in Sources */,
				09ADCD3C29A5A59900D6F26E /* NotIn.swift in Sources */,
				09ADCD3629A5A54000D6F26E /* GreaterThan.swift in Sources */,
			);
			runOnlyForDeploymentPostprocessing = 0;
		};
		095114D3294CAA9600C65AA7 /* Sources */ = {
			isa = PBXSourcesBuildPhase;
			buildActionMask = 2147483647;
			files = (
				09ADCD4629A65C8400D6F26E /* EqualOperatorTests.swift in Sources */,
				096D386B29B182D0006008DF /* RegexOperatorTests.swift in Sources */,
				09ADCD4829A6633000D6F26E /* RuleEngineTests.swift in Sources */,
				09ADCD4B29A66CC400D6F26E /* NotEqualOperatorTests.swift in Sources */,
				09ADCD5B29A6A29400D6F26E /* NotContainsOperatorTests.swift in Sources */,
				09ADCD5329A69A8A00D6F26E /* GreaterThanInclusiveOperatorTests.swift in Sources */,
				09ADCD4D29A675F500D6F26E /* LessThanOperatorTests.swift in Sources */,
				09ADCD4F29A6762300D6F26E /* LessThanInclusiveOperatorTests.swift in Sources */,
				09ADCD5929A6A28400D6F26E /* ContainsOperatorTests.swift in Sources */,
				09ADCD5729A69FBB00D6F26E /* NotInOperatorTests.swift in Sources */,
				09ADCD5529A69C0A00D6F26E /* InOperatorTests.swift in Sources */,
				09ADCD5129A6995900D6F26E /* GreaterThanOperatorTests.swift in Sources */,
			);
			runOnlyForDeploymentPostprocessing = 0;
		};
/* End PBXSourcesBuildPhase section */

/* Begin PBXTargetDependency section */
		095114DA294CAA9600C65AA7 /* PBXTargetDependency */ = {
			isa = PBXTargetDependency;
			target = 095114CC294CAA9600C65AA7 /* SwiftRuleEngine */;
			targetProxy = 095114D9294CAA9600C65AA7 /* PBXContainerItemProxy */;
		};
/* End PBXTargetDependency section */

/* Begin XCBuildConfiguration section */
		095114DF294CAA9600C65AA7 /* Debug */ = {
			isa = XCBuildConfiguration;
			buildSettings = {
				ALWAYS_SEARCH_USER_PATHS = NO;
				CLANG_ANALYZER_NONNULL = YES;
				CLANG_ANALYZER_NUMBER_OBJECT_CONVERSION = YES_AGGRESSIVE;
				CLANG_CXX_LANGUAGE_STANDARD = "gnu++17";
				CLANG_ENABLE_MODULES = YES;
				CLANG_ENABLE_OBJC_ARC = YES;
				CLANG_ENABLE_OBJC_WEAK = YES;
				CLANG_WARN_BLOCK_CAPTURE_AUTORELEASING = YES;
				CLANG_WARN_BOOL_CONVERSION = YES;
				CLANG_WARN_COMMA = YES;
				CLANG_WARN_CONSTANT_CONVERSION = YES;
				CLANG_WARN_DEPRECATED_OBJC_IMPLEMENTATIONS = YES;
				CLANG_WARN_DIRECT_OBJC_ISA_USAGE = YES_ERROR;
				CLANG_WARN_DOCUMENTATION_COMMENTS = YES;
				CLANG_WARN_EMPTY_BODY = YES;
				CLANG_WARN_ENUM_CONVERSION = YES;
				CLANG_WARN_INFINITE_RECURSION = YES;
				CLANG_WARN_INT_CONVERSION = YES;
				CLANG_WARN_NON_LITERAL_NULL_CONVERSION = YES;
				CLANG_WARN_OBJC_IMPLICIT_RETAIN_SELF = YES;
				CLANG_WARN_OBJC_LITERAL_CONVERSION = YES;
				CLANG_WARN_OBJC_ROOT_CLASS = YES_ERROR;
				CLANG_WARN_QUOTED_INCLUDE_IN_FRAMEWORK_HEADER = YES;
				CLANG_WARN_RANGE_LOOP_ANALYSIS = YES;
				CLANG_WARN_STRICT_PROTOTYPES = YES;
				CLANG_WARN_SUSPICIOUS_MOVE = YES;
				CLANG_WARN_UNGUARDED_AVAILABILITY = YES_AGGRESSIVE;
				CLANG_WARN_UNREACHABLE_CODE = YES;
				CLANG_WARN__DUPLICATE_METHOD_MATCH = YES;
				COPY_PHASE_STRIP = NO;
				CURRENT_PROJECT_VERSION = 1;
				DEBUG_INFORMATION_FORMAT = dwarf;
				ENABLE_STRICT_OBJC_MSGSEND = YES;
				ENABLE_TESTABILITY = YES;
				GCC_C_LANGUAGE_STANDARD = gnu11;
				GCC_DYNAMIC_NO_PIC = NO;
				GCC_NO_COMMON_BLOCKS = YES;
				GCC_OPTIMIZATION_LEVEL = 0;
				GCC_PREPROCESSOR_DEFINITIONS = (
					"DEBUG=1",
					"$(inherited)",
				);
				GCC_WARN_64_TO_32_BIT_CONVERSION = YES;
				GCC_WARN_ABOUT_RETURN_TYPE = YES_ERROR;
				GCC_WARN_UNDECLARED_SELECTOR = YES;
				GCC_WARN_UNINITIALIZED_AUTOS = YES_AGGRESSIVE;
				GCC_WARN_UNUSED_FUNCTION = YES;
				GCC_WARN_UNUSED_VARIABLE = YES;
				MACOSX_DEPLOYMENT_TARGET = 12.2;
				MTL_ENABLE_DEBUG_INFO = INCLUDE_SOURCE;
				MTL_FAST_MATH = YES;
				ONLY_ACTIVE_ARCH = YES;
				SDKROOT = macosx;
				SWIFT_ACTIVE_COMPILATION_CONDITIONS = DEBUG;
				SWIFT_OPTIMIZATION_LEVEL = "-Onone";
				VERSIONING_SYSTEM = "apple-generic";
				VERSION_INFO_PREFIX = "";
			};
			name = Debug;
		};
		095114E0294CAA9600C65AA7 /* Release */ = {
			isa = XCBuildConfiguration;
			buildSettings = {
				ALWAYS_SEARCH_USER_PATHS = NO;
				CLANG_ANALYZER_NONNULL = YES;
				CLANG_ANALYZER_NUMBER_OBJECT_CONVERSION = YES_AGGRESSIVE;
				CLANG_CXX_LANGUAGE_STANDARD = "gnu++17";
				CLANG_ENABLE_MODULES = YES;
				CLANG_ENABLE_OBJC_ARC = YES;
				CLANG_ENABLE_OBJC_WEAK = YES;
				CLANG_WARN_BLOCK_CAPTURE_AUTORELEASING = YES;
				CLANG_WARN_BOOL_CONVERSION = YES;
				CLANG_WARN_COMMA = YES;
				CLANG_WARN_CONSTANT_CONVERSION = YES;
				CLANG_WARN_DEPRECATED_OBJC_IMPLEMENTATIONS = YES;
				CLANG_WARN_DIRECT_OBJC_ISA_USAGE = YES_ERROR;
				CLANG_WARN_DOCUMENTATION_COMMENTS = YES;
				CLANG_WARN_EMPTY_BODY = YES;
				CLANG_WARN_ENUM_CONVERSION = YES;
				CLANG_WARN_INFINITE_RECURSION = YES;
				CLANG_WARN_INT_CONVERSION = YES;
				CLANG_WARN_NON_LITERAL_NULL_CONVERSION = YES;
				CLANG_WARN_OBJC_IMPLICIT_RETAIN_SELF = YES;
				CLANG_WARN_OBJC_LITERAL_CONVERSION = YES;
				CLANG_WARN_OBJC_ROOT_CLASS = YES_ERROR;
				CLANG_WARN_QUOTED_INCLUDE_IN_FRAMEWORK_HEADER = YES;
				CLANG_WARN_RANGE_LOOP_ANALYSIS = YES;
				CLANG_WARN_STRICT_PROTOTYPES = YES;
				CLANG_WARN_SUSPICIOUS_MOVE = YES;
				CLANG_WARN_UNGUARDED_AVAILABILITY = YES_AGGRESSIVE;
				CLANG_WARN_UNREACHABLE_CODE = YES;
				CLANG_WARN__DUPLICATE_METHOD_MATCH = YES;
				COPY_PHASE_STRIP = NO;
				CURRENT_PROJECT_VERSION = 1;
				DEBUG_INFORMATION_FORMAT = "dwarf-with-dsym";
				ENABLE_NS_ASSERTIONS = NO;
				ENABLE_STRICT_OBJC_MSGSEND = YES;
				GCC_C_LANGUAGE_STANDARD = gnu11;
				GCC_NO_COMMON_BLOCKS = YES;
				GCC_WARN_64_TO_32_BIT_CONVERSION = YES;
				GCC_WARN_ABOUT_RETURN_TYPE = YES_ERROR;
				GCC_WARN_UNDECLARED_SELECTOR = YES;
				GCC_WARN_UNINITIALIZED_AUTOS = YES_AGGRESSIVE;
				GCC_WARN_UNUSED_FUNCTION = YES;
				GCC_WARN_UNUSED_VARIABLE = YES;
				MACOSX_DEPLOYMENT_TARGET = 12.2;
				MTL_ENABLE_DEBUG_INFO = NO;
				MTL_FAST_MATH = YES;
				SDKROOT = macosx;
				SWIFT_COMPILATION_MODE = wholemodule;
				SWIFT_OPTIMIZATION_LEVEL = "-O";
				VERSIONING_SYSTEM = "apple-generic";
				VERSION_INFO_PREFIX = "";
			};
			name = Release;
		};
		095114E2294CAA9600C65AA7 /* Debug */ = {
			isa = XCBuildConfiguration;
			buildSettings = {
				CLANG_ENABLE_MODULES = YES;
				CODE_SIGN_STYLE = Automatic;
				COMBINE_HIDPI_IMAGES = YES;
				CURRENT_PROJECT_VERSION = 1;
				DEFINES_MODULE = YES;
				DYLIB_COMPATIBILITY_VERSION = 1;
				DYLIB_CURRENT_VERSION = 1;
				DYLIB_INSTALL_NAME_BASE = "@rpath";
				GENERATE_INFOPLIST_FILE = YES;
				INFOPLIST_KEY_NSHumanReadableCopyright = "";
				INSTALL_PATH = "$(LOCAL_LIBRARY_DIR)/Frameworks";
				LD_RUNPATH_SEARCH_PATHS = (
					"$(inherited)",
					"@executable_path/../Frameworks",
					"@loader_path/Frameworks",
				);
				MARKETING_VERSION = 1.0;
				PRODUCT_BUNDLE_IDENTIFIER = com.santalvarez.SwiftRuleEngine;
				PRODUCT_NAME = "$(TARGET_NAME:c99extidentifier)";
				SKIP_INSTALL = YES;
				SWIFT_EMIT_LOC_STRINGS = YES;
				SWIFT_OPTIMIZATION_LEVEL = "-Onone";
				SWIFT_VERSION = 5.0;
			};
			name = Debug;
		};
		095114E3294CAA9600C65AA7 /* Release */ = {
			isa = XCBuildConfiguration;
			buildSettings = {
				CLANG_ENABLE_MODULES = YES;
				CODE_SIGN_STYLE = Automatic;
				COMBINE_HIDPI_IMAGES = YES;
				CURRENT_PROJECT_VERSION = 1;
				DEFINES_MODULE = YES;
				DYLIB_COMPATIBILITY_VERSION = 1;
				DYLIB_CURRENT_VERSION = 1;
				DYLIB_INSTALL_NAME_BASE = "@rpath";
				GENERATE_INFOPLIST_FILE = YES;
				INFOPLIST_KEY_NSHumanReadableCopyright = "";
				INSTALL_PATH = "$(LOCAL_LIBRARY_DIR)/Frameworks";
				LD_RUNPATH_SEARCH_PATHS = (
					"$(inherited)",
					"@executable_path/../Frameworks",
					"@loader_path/Frameworks",
				);
				MARKETING_VERSION = 1.0;
				PRODUCT_BUNDLE_IDENTIFIER = com.santalvarez.SwiftRuleEngine;
				PRODUCT_NAME = "$(TARGET_NAME:c99extidentifier)";
				SKIP_INSTALL = YES;
				SWIFT_EMIT_LOC_STRINGS = YES;
				SWIFT_VERSION = 5.0;
			};
			name = Release;
		};
		095114E5294CAA9600C65AA7 /* Debug */ = {
			isa = XCBuildConfiguration;
			buildSettings = {
				ALWAYS_EMBED_SWIFT_STANDARD_LIBRARIES = YES;
				CODE_SIGN_STYLE = Automatic;
				CURRENT_PROJECT_VERSION = 1;
				GENERATE_INFOPLIST_FILE = YES;
				MARKETING_VERSION = 1.0;
				PRODUCT_BUNDLE_IDENTIFIER = com.santalvarez.SwiftRuleEngineTests;
				PRODUCT_NAME = "$(TARGET_NAME)";
				SWIFT_EMIT_LOC_STRINGS = NO;
				SWIFT_VERSION = 5.0;
			};
			name = Debug;
		};
		095114E6294CAA9600C65AA7 /* Release */ = {
			isa = XCBuildConfiguration;
			buildSettings = {
				ALWAYS_EMBED_SWIFT_STANDARD_LIBRARIES = YES;
				CODE_SIGN_STYLE = Automatic;
				CURRENT_PROJECT_VERSION = 1;
				GENERATE_INFOPLIST_FILE = YES;
				MARKETING_VERSION = 1.0;
				PRODUCT_BUNDLE_IDENTIFIER = com.santalvarez.SwiftRuleEngineTests;
				PRODUCT_NAME = "$(TARGET_NAME)";
				SWIFT_EMIT_LOC_STRINGS = NO;
				SWIFT_VERSION = 5.0;
			};
			name = Release;
		};
/* End XCBuildConfiguration section */

/* Begin XCConfigurationList section */
		095114C7294CAA9600C65AA7 /* Build configuration list for PBXProject "SwiftRuleEngine" */ = {
			isa = XCConfigurationList;
			buildConfigurations = (
				095114DF294CAA9600C65AA7 /* Debug */,
				095114E0294CAA9600C65AA7 /* Release */,
			);
			defaultConfigurationIsVisible = 0;
			defaultConfigurationName = Release;
		};
		095114E1294CAA9600C65AA7 /* Build configuration list for PBXNativeTarget "SwiftRuleEngine" */ = {
			isa = XCConfigurationList;
			buildConfigurations = (
				095114E2294CAA9600C65AA7 /* Debug */,
				095114E3294CAA9600C65AA7 /* Release */,
			);
			defaultConfigurationIsVisible = 0;
			defaultConfigurationName = Release;
		};
		095114E4294CAA9600C65AA7 /* Build configuration list for PBXNativeTarget "SwiftRuleEngineTests" */ = {
			isa = XCConfigurationList;
			buildConfigurations = (
				095114E5294CAA9600C65AA7 /* Debug */,
				095114E6294CAA9600C65AA7 /* Release */,
			);
			defaultConfigurationIsVisible = 0;
			defaultConfigurationName = Release;
		};
/* End XCConfigurationList section */
	};
	rootObject = 095114C4294CAA9600C65AA7 /* Project object */;
}
